
Microsoft Visual Studio Solution File, Format Version 12.00
# Visual Studio Version 17
VisualStudioVersion = 17.8.34408.163
MinimumVisualStudioVersion = 10.0.40219.1
Project("{FAE04EC0-301F-11D3-BF4B-00C04F79EFBC}") = "MOD5", "MOD5\MOD5.csproj", "{1FFC4A2D-6277-467C-B1C3-D4B9713C3D39}"
EndProject
Global
	GlobalSection(SolutionConfigurationPlatforms) = preSolution
		Debug|Any CPU = Debug|Any CPU
		Release|Any CPU = Release|Any CPU
	EndGlobalSection
	GlobalSection(ProjectConfigurationPlatforms) = postSolution
		{1FFC4A2D-6277-467C-B1C3-D4B9713C3D39}.Debug|Any CPU.ActiveCfg = Debug|Any CPU
		{1FFC4A2D-6277-467C-B1C3-D4B9713C3D39}.Debug|Any CPU.Build.0 = Debug|Any CPU
		{1FFC4A2D-6277-467C-B1C3-D4B9713C3D39}.Release|Any CPU.ActiveCfg = Release|Any CPU
		{1FFC4A2D-6277-467C-B1C3-D4B9713C3D39}.Release|Any CPU.Build.0 = Release|Any CPU
	EndGlobalSection
	GlobalSection(SolutionProperties) = preSolution
		HideSolutionNode = FALSE
	EndGlobalSection
	GlobalSection(ExtensibilityGlobals) = postSolution
		SolutionGuid = {14F016A8-A0F4-44DC-8255-587BB869B3EA}
	EndGlobalSection
EndGlobal
